
Microsoft Visual Studio Solution File, Format Version 12.00
# Visual Studio 15
VisualStudioVersion = 15.0.28307.136
MinimumVisualStudioVersion = 10.0.40219.1
Project("{FAE04EC0-301F-11D3-BF4B-00C04F79EFBC}") = "WelathArchitect_Presenter", "WelathArchitect_Presenter\WelathArchitect_Presenter.csproj", "{6E9BB23C-7828-44BA-9B43-18FA048B5715}"
EndProject
Project("{FAE04EC0-301F-11D3-BF4B-00C04F79EFBC}") = "WelathArchitect_Presenter.Tests", "WelathArchitect_Presenter.Tests\WelathArchitect_Presenter.Tests.csproj", "{F2A63C6F-DC29-40FD-9406-1A81B774651C}"
EndProject
Global
	GlobalSection(SolutionConfigurationPlatforms) = preSolution
		Debug|Any CPU = Debug|Any CPU
		Release|Any CPU = Release|Any CPU
	EndGlobalSection
	GlobalSection(ProjectConfigurationPlatforms) = postSolution
		{6E9BB23C-7828-44BA-9B43-18FA048B5715}.Debug|Any CPU.ActiveCfg = Debug|Any CPU
		{6E9BB23C-7828-44BA-9B43-18FA048B5715}.Debug|Any CPU.Build.0 = Debug|Any CPU
		{6E9BB23C-7828-44BA-9B43-18FA048B5715}.Release|Any CPU.ActiveCfg = Release|Any CPU
		{6E9BB23C-7828-44BA-9B43-18FA048B5715}.Release|Any CPU.Build.0 = Release|Any CPU
		{F2A63C6F-DC29-40FD-9406-1A81B774651C}.Debug|Any CPU.ActiveCfg = Debug|Any CPU
		{F2A63C6F-DC29-40FD-9406-1A81B774651C}.Debug|Any CPU.Build.0 = Debug|Any CPU
		{F2A63C6F-DC29-40FD-9406-1A81B774651C}.Release|Any CPU.ActiveCfg = Release|Any CPU
		{F2A63C6F-DC29-40FD-9406-1A81B774651C}.Release|Any CPU.Build.0 = Release|Any CPU
	EndGlobalSection
	GlobalSection(SolutionProperties) = preSolution
		HideSolutionNode = FALSE
	EndGlobalSection
	GlobalSection(ExtensibilityGlobals) = postSolution
		SolutionGuid = {286E5DC9-5538-4068-8DF6-980A37978239}
	EndGlobalSection
EndGlobal
